
Microsoft Visual Studio Solution File, Format Version 12.00
# Visual Studio Version 17
VisualStudioVersion = 17.1.32228.430
MinimumVisualStudioVersion = 10.0.40219.1
Project("{FAE04EC0-301F-11D3-BF4B-00C04F79EFBC}") = "AppTriLocCam.Android", "AppTriLocCam\AppTriLocCam.Android\AppTriLocCam.Android.csproj", "{5BB7D842-E127-4371-B468-9BA7C1C1BE66}"
EndProject
Project("{FAE04EC0-301F-11D3-BF4B-00C04F79EFBC}") = "AppTriLocCam.iOS", "AppTriLocCam\AppTriLocCam.iOS\AppTriLocCam.iOS.csproj", "{16F2BF33-A830-45A8-ADA9-0A3D0016467C}"
EndProject
Project("{FAE04EC0-301F-11D3-BF4B-00C04F79EFBC}") = "AppTriLocCam", "AppTriLocCam\AppTriLocCam\AppTriLocCam.csproj", "{31FB3AD3-6B41-485D-917A-3EC95DBC7C06}"
EndProject
Global
	GlobalSection(SolutionConfigurationPlatforms) = preSolution
		Debug|Any CPU = Debug|Any CPU
		Debug|iPhone = Debug|iPhone
		Debug|iPhoneSimulator = Debug|iPhoneSimulator
		Release|Any CPU = Release|Any CPU
		Release|iPhone = Release|iPhone
		Release|iPhoneSimulator = Release|iPhoneSimulator
	EndGlobalSection
	GlobalSection(ProjectConfigurationPlatforms) = postSolution
		{5BB7D842-E127-4371-B468-9BA7C1C1BE66}.Debug|Any CPU.ActiveCfg = Debug|Any CPU
		{5BB7D842-E127-4371-B468-9BA7C1C1BE66}.Debug|Any CPU.Build.0 = Debug|Any CPU
		{5BB7D842-E127-4371-B468-9BA7C1C1BE66}.Debug|Any CPU.Deploy.0 = Debug|Any CPU
		{5BB7D842-E127-4371-B468-9BA7C1C1BE66}.Debug|iPhone.ActiveCfg = Debug|Any CPU
		{5BB7D842-E127-4371-B468-9BA7C1C1BE66}.Debug|iPhone.Build.0 = Debug|Any CPU
		{5BB7D842-E127-4371-B468-9BA7C1C1BE66}.Debug|iPhone.Deploy.0 = Debug|Any CPU
		{5BB7D842-E127-4371-B468-9BA7C1C1BE66}.Debug|iPhoneSimulator.ActiveCfg = Debug|Any CPU
		{5BB7D842-E127-4371-B468-9BA7C1C1BE66}.Debug|iPhoneSimulator.Build.0 = Debug|Any CPU
		{5BB7D842-E127-4371-B468-9BA7C1C1BE66}.Debug|iPhoneSimulator.Deploy.0 = Debug|Any CPU
		{5BB7D842-E127-4371-B468-9BA7C1C1BE66}.Release|Any CPU.ActiveCfg = Release|Any CPU
		{5BB7D842-E127-4371-B468-9BA7C1C1BE66}.Release|Any CPU.Build.0 = Release|Any CPU
		{5BB7D842-E127-4371-B468-9BA7C1C1BE66}.Release|Any CPU.Deploy.0 = Release|Any CPU
		{5BB7D842-E127-4371-B468-9BA7C1C1BE66}.Release|iPhone.ActiveCfg = Release|Any CPU
		{5BB7D842-E127-4371-B468-9BA7C1C1BE66}.Release|iPhone.Build.0 = Release|Any CPU
		{5BB7D842-E127-4371-B468-9BA7C1C1BE66}.Release|iPhone.Deploy.0 = Release|Any CPU
		{5BB7D842-E127-4371-B468-9BA7C1C1BE66}.Release|iPhoneSimulator.ActiveCfg = Release|Any CPU
		{5BB7D842-E127-4371-B468-9BA7C1C1BE66}.Release|iPhoneSimulator.Build.0 = Release|Any CPU
		{5BB7D842-E127-4371-B468-9BA7C1C1BE66}.Release|iPhoneSimulator.Deploy.0 = Release|Any CPU
		{16F2BF33-A830-45A8-ADA9-0A3D0016467C}.Debug|Any CPU.ActiveCfg = Debug|iPhone
		{16F2BF33-A830-45A8-ADA9-0A3D0016467C}.Debug|Any CPU.Build.0 = Debug|iPhone
		{16F2BF33-A830-45A8-ADA9-0A3D0016467C}.Debug|Any CPU.Deploy.0 = Debug|iPhone
		{16F2BF33-A830-45A8-ADA9-0A3D0016467C}.Debug|iPhone.ActiveCfg = Debug|iPhone
		{16F2BF33-A830-45A8-ADA9-0A3D0016467C}.Debug|iPhone.Build.0 = Debug|iPhone
		{16F2BF33-A830-45A8-ADA9-0A3D0016467C}.Debug|iPhone.Deploy.0 = Debug|iPhone
		{16F2BF33-A830-45A8-ADA9-0A3D0016467C}.Debug|iPhoneSimulator.ActiveCfg = Debug|iPhoneSimulator
		{16F2BF33-A830-45A8-ADA9-0A3D0016467C}.Debug|iPhoneSimulator.Build.0 = Debug|iPhoneSimulator
		{16F2BF33-A830-45A8-ADA9-0A3D0016467C}.Debug|iPhoneSimulator.Deploy.0 = Debug|iPhoneSimulator
		{16F2BF33-A830-45A8-ADA9-0A3D0016467C}.Release|Any CPU.ActiveCfg = Release|iPhoneSimulator
		{16F2BF33-A830-45A8-ADA9-0A3D0016467C}.Release|Any CPU.Build.0 = Release|iPhoneSimulator
		{16F2BF33-A830-45A8-ADA9-0A3D0016467C}.Release|Any CPU.Deploy.0 = Release|iPhoneSimulator
		{16F2BF33-A830-45A8-ADA9-0A3D0016467C}.Release|iPhone.ActiveCfg = Release|iPhone
		{16F2BF33-A830-45A8-ADA9-0A3D0016467C}.Release|iPhone.Build.0 = Release|iPhone
		{16F2BF33-A830-45A8-ADA9-0A3D0016467C}.Release|iPhone.Deploy.0 = Release|iPhone
		{16F2BF33-A830-45A8-ADA9-0A3D0016467C}.Release|iPhoneSimulator.ActiveCfg = Release|iPhoneSimulator
		{16F2BF33-A830-45A8-ADA9-0A3D0016467C}.Release|iPhoneSimulator.Build.0 = Release|iPhoneSimulator
		{16F2BF33-A830-45A8-ADA9-0A3D0016467C}.Release|iPhoneSimulator.Deploy.0 = Release|iPhoneSimulator
		{31FB3AD3-6B41-485D-917A-3EC95DBC7C06}.Debug|Any CPU.ActiveCfg = Debug|Any CPU
		{31FB3AD3-6B41-485D-917A-3EC95DBC7C06}.Debug|Any CPU.Build.0 = Debug|Any CPU
		{31FB3AD3-6B41-485D-917A-3EC95DBC7C06}.Debug|Any CPU.Deploy.0 = Debug|Any CPU
		{31FB3AD3-6B41-485D-917A-3EC95DBC7C06}.Debug|iPhone.ActiveCfg = Debug|Any CPU
		{31FB3AD3-6B41-485D-917A-3EC95DBC7C06}.Debug|iPhone.Build.0 = Debug|Any CPU
		{31FB3AD3-6B41-485D-917A-3EC95DBC7C06}.Debug|iPhone.Deploy.0 = Debug|Any CPU
		{31FB3AD3-6B41-485D-917A-3EC95DBC7C06}.Debug|iPhoneSimulator.ActiveCfg = Debug|Any CPU
		{31FB3AD3-6B41-485D-917A-3EC95DBC7C06}.Debug|iPhoneSimulator.Build.0 = Debug|Any CPU
		{31FB3AD3-6B41-485D-917A-3EC95DBC7C06}.Debug|iPhoneSimulator.Deploy.0 = Debug|Any CPU
		{31FB3AD3-6B41-485D-917A-3EC95DBC7C06}.Release|Any CPU.ActiveCfg = Release|Any CPU
		{31FB3AD3-6B41-485D-917A-3EC95DBC7C06}.Release|Any CPU.Build.0 = Release|Any CPU
		{31FB3AD3-6B41-485D-917A-3EC95DBC7C06}.Release|Any CPU.Deploy.0 = Release|Any CPU
		{31FB3AD3-6B41-485D-917A-3EC95DBC7C06}.Release|iPhone.ActiveCfg = Release|Any CPU
		{31FB3AD3-6B41-485D-917A-3EC95DBC7C06}.Release|iPhone.Build.0 = Release|Any CPU
		{31FB3AD3-6B41-485D-917A-3EC95DBC7C06}.Release|iPhone.Deploy.0 = Release|Any CPU
		{31FB3AD3-6B41-485D-917A-3EC95DBC7C06}.Release|iPhoneSimulator.ActiveCfg = Release|Any CPU
		{31FB3AD3-6B41-485D-917A-3EC95DBC7C06}.Release|iPhoneSimulator.Build.0 = Release|Any CPU
		{31FB3AD3-6B41-485D-917A-3EC95DBC7C06}.Release|iPhoneSimulator.Deploy.0 = Release|Any CPU
	EndGlobalSection
	GlobalSection(SolutionProperties) = preSolution
		HideSolutionNode = FALSE
	EndGlobalSection
	GlobalSection(ExtensibilityGlobals) = postSolution
		SolutionGuid = {FEC786DC-D5D6-45DA-AD80-7DC9D5E7D547}
	EndGlobalSection
EndGlobal
